
Microsoft Visual Studio Solution File, Format Version 12.00
# Visual Studio Version 17
VisualStudioVersion = 17.4.33213.308
MinimumVisualStudioVersion = 10.0.40219.1
Project("{9A19103F-16F7-4668-BE54-9A1E7A4F7556}") = "Desosito", "Desosito\Desosito.csproj", "{0E9F2CC3-BDF2-457E-8F2F-F56B17D4B4DF}"
EndProject
Project("{2150E333-8FDC-42A3-9474-1A3956D46DE8}") = "DAL", "DAL", "{5AC45BB4-FEFD-4A71-99FB-C6C6EBCE20FD}"
EndProject
Project("{2150E333-8FDC-42A3-9474-1A3956D46DE8}") = "Domain", "Domain", "{3317B68A-AE84-43DE-AD0C-5098DCA1DB1B}"
EndProject
Project("{2150E333-8FDC-42A3-9474-1A3956D46DE8}") = "Services", "Services", "{564632EC-6755-4A7C-8481-B2B31EC76AE1}"
EndProject
Project("{9A19103F-16F7-4668-BE54-9A1E7A4F7556}") = "Desosito.DAL", "Desosito.DAL\Desosito.DAL.csproj", "{C841DC57-E664-4A66-8AAA-0211E5CC7B2F}"
EndProject
Project("{9A19103F-16F7-4668-BE54-9A1E7A4F7556}") = "Desosito.Domain", "Desosito.Domain\Desosito.Domain.csproj", "{4F6A6A0B-3630-4F75-BFB7-4AF9899652F2}"
EndProject
Project("{9A19103F-16F7-4668-BE54-9A1E7A4F7556}") = "Desosito.Service", "Desosito.Service\Desosito.Service.csproj", "{BC640AF4-B71B-4712-AC5C-CB152A7C821E}"
EndProject
Project("{2150E333-8FDC-42A3-9474-1A3956D46DE8}") = "Frontend", "Frontend", "{F1468059-C115-4DFC-909D-A541B386C28B}"
EndProject
Project("{2150E333-8FDC-42A3-9474-1A3956D46DE8}") = "Backend", "Backend", "{A2AD437B-46F4-4FE0-AD14-37F090A3FF59}"
EndProject
Project("{54A90642-561A-4BB1-A94E-469ADEE60C69}") = "desosito.frontend", "Desosito.Frontend\desosito.frontend.esproj", "{3CA455F7-AB95-4D48-A37D-81B3CF2C26FF}"
EndProject
Global
	GlobalSection(SolutionConfigurationPlatforms) = preSolution
		Debug|Any CPU = Debug|Any CPU
		Release|Any CPU = Release|Any CPU
	EndGlobalSection
	GlobalSection(ProjectConfigurationPlatforms) = postSolution
		{0E9F2CC3-BDF2-457E-8F2F-F56B17D4B4DF}.Debug|Any CPU.ActiveCfg = Debug|Any CPU
		{0E9F2CC3-BDF2-457E-8F2F-F56B17D4B4DF}.Debug|Any CPU.Build.0 = Debug|Any CPU
		{0E9F2CC3-BDF2-457E-8F2F-F56B17D4B4DF}.Release|Any CPU.ActiveCfg = Release|Any CPU
		{0E9F2CC3-BDF2-457E-8F2F-F56B17D4B4DF}.Release|Any CPU.Build.0 = Release|Any CPU
		{C841DC57-E664-4A66-8AAA-0211E5CC7B2F}.Debug|Any CPU.ActiveCfg = Debug|Any CPU
		{C841DC57-E664-4A66-8AAA-0211E5CC7B2F}.Debug|Any CPU.Build.0 = Debug|Any CPU
		{C841DC57-E664-4A66-8AAA-0211E5CC7B2F}.Release|Any CPU.ActiveCfg = Release|Any CPU
		{C841DC57-E664-4A66-8AAA-0211E5CC7B2F}.Release|Any CPU.Build.0 = Release|Any CPU
		{4F6A6A0B-3630-4F75-BFB7-4AF9899652F2}.Debug|Any CPU.ActiveCfg = Debug|Any CPU
		{4F6A6A0B-3630-4F75-BFB7-4AF9899652F2}.Debug|Any CPU.Build.0 = Debug|Any CPU
		{4F6A6A0B-3630-4F75-BFB7-4AF9899652F2}.Release|Any CPU.ActiveCfg = Release|Any CPU
		{4F6A6A0B-3630-4F75-BFB7-4AF9899652F2}.Release|Any CPU.Build.0 = Release|Any CPU
		{BC640AF4-B71B-4712-AC5C-CB152A7C821E}.Debug|Any CPU.ActiveCfg = Debug|Any CPU
		{BC640AF4-B71B-4712-AC5C-CB152A7C821E}.Debug|Any CPU.Build.0 = Debug|Any CPU
		{BC640AF4-B71B-4712-AC5C-CB152A7C821E}.Release|Any CPU.ActiveCfg = Release|Any CPU
		{BC640AF4-B71B-4712-AC5C-CB152A7C821E}.Release|Any CPU.Build.0 = Release|Any CPU
		{3CA455F7-AB95-4D48-A37D-81B3CF2C26FF}.Debug|Any CPU.ActiveCfg = Debug|Any CPU
		{3CA455F7-AB95-4D48-A37D-81B3CF2C26FF}.Debug|Any CPU.Build.0 = Debug|Any CPU
		{3CA455F7-AB95-4D48-A37D-81B3CF2C26FF}.Debug|Any CPU.Deploy.0 = Debug|Any CPU
		{3CA455F7-AB95-4D48-A37D-81B3CF2C26FF}.Release|Any CPU.ActiveCfg = Release|Any CPU
		{3CA455F7-AB95-4D48-A37D-81B3CF2C26FF}.Release|Any CPU.Build.0 = Release|Any CPU
		{3CA455F7-AB95-4D48-A37D-81B3CF2C26FF}.Release|Any CPU.Deploy.0 = Release|Any CPU
	EndGlobalSection
	GlobalSection(SolutionProperties) = preSolution
		HideSolutionNode = FALSE
	EndGlobalSection
	GlobalSection(NestedProjects) = preSolution
		{0E9F2CC3-BDF2-457E-8F2F-F56B17D4B4DF} = {A2AD437B-46F4-4FE0-AD14-37F090A3FF59}
		{5AC45BB4-FEFD-4A71-99FB-C6C6EBCE20FD} = {A2AD437B-46F4-4FE0-AD14-37F090A3FF59}
		{3317B68A-AE84-43DE-AD0C-5098DCA1DB1B} = {A2AD437B-46F4-4FE0-AD14-37F090A3FF59}
		{564632EC-6755-4A7C-8481-B2B31EC76AE1} = {A2AD437B-46F4-4FE0-AD14-37F090A3FF59}
		{C841DC57-E664-4A66-8AAA-0211E5CC7B2F} = {5AC45BB4-FEFD-4A71-99FB-C6C6EBCE20FD}
		{4F6A6A0B-3630-4F75-BFB7-4AF9899652F2} = {3317B68A-AE84-43DE-AD0C-5098DCA1DB1B}
		{BC640AF4-B71B-4712-AC5C-CB152A7C821E} = {564632EC-6755-4A7C-8481-B2B31EC76AE1}
		{3CA455F7-AB95-4D48-A37D-81B3CF2C26FF} = {F1468059-C115-4DFC-909D-A541B386C28B}
	EndGlobalSection
	GlobalSection(ExtensibilityGlobals) = postSolution
		SolutionGuid = {A62949C9-2A7D-4FE7-988B-3E73CA631915}
	EndGlobalSection
EndGlobal
